# This file was autogenerated by uv via the following command:
#    scripts/compile-requirements.sh
--index-url https://pypi.org/simple

aiofiles==25.1.0
    # via kohakuterrarium
    # from https://pypi.org/simple
aiohappyeyeballs==2.7.1
    # via aiohttp
    # from https://pypi.org/simple
aiohttp==3.14.1
    # via -r requirements.txt
    # from https://pypi.org/simple
aiosignal==1.4.0
    # via aiohttp
    # from https://pypi.org/simple
annotated-doc==0.0.4
    # via
    #   fastapi
    #   typer
    # from https://pypi.org/simple
annotated-types==0.7.0
    # via pydantic
    # from https://pypi.org/simple
anthropic==0.117.0
    # via kohakuterrarium
    # from https://pypi.org/simple
anyio==4.14.2
    # via
    #   anthropic
    #   httpx
    #   mcp
    #   openai
    #   sse-starlette
    #   starlette
    #   watchfiles
    # from https://pypi.org/simple
attrs==26.1.0
    # via
    #   aiohttp
    #   jsonschema
    #   referencing
    # from https://pypi.org/simple
babel==2.18.0
    # via courlan
    # from https://pypi.org/simple
beautifulsoup4==4.15.0
    # via -r requirements.txt
    # from https://pypi.org/simple
bottle==0.13.4
    # via pywebview
    # from https://pypi.org/simple
brotli==1.2.0
    # via httpx
    # from https://pypi.org/simple
certifi==2026.6.17
    # via
    #   httpcore
    #   httpx
    #   requests
    #   trafilatura
    # from https://pypi.org/simple
cffi==2.1.0
    # via cryptography
    # from https://pypi.org/simple
charset-normalizer==3.4.9
    # via
    #   htmldate
    #   requests
    #   trafilatura
    # from https://pypi.org/simple
click==8.4.2
    # via
    #   ddgs
    #   duckduckgo-search
    #   huggingface-hub
    #   uvicorn
    # from https://pypi.org/simple
courlan==1.4.0
    # via trafilatura
    # from https://pypi.org/simple
cryptography==49.0.0
    # via pyjwt
    # from https://pypi.org/simple
dateparser==1.4.1
    # via htmldate
    # from https://pypi.org/simple
ddgs==9.14.4
    # via kohakuterrarium
    # from https://pypi.org/simple
distro==1.9.0
    # via
    #   anthropic
    #   openai
    # from https://pypi.org/simple
docker==7.1.0
    # via -r requirements-test.txt
    # from https://pypi.org/simple
docstring-parser==0.18.0
    # via anthropic
    # from https://pypi.org/simple
duckduckgo-search==8.1.1
    # via -r requirements.txt
    # from https://pypi.org/simple
execnet==2.1.2
    # via pytest-xdist
    # from https://pypi.org/simple
fake-useragent==2.2.0
    # via ddgs
    # from https://pypi.org/simple
fastapi==0.139.2
    # via
    #   -r requirements.txt
    #   kohakuterrarium
    # from https://pypi.org/simple
feedparser==6.0.12
    # via -r requirements.txt
    # from https://pypi.org/simple
filelock==3.31.1
    # via
    #   huggingface-hub
    #   torch
    # from https://pypi.org/simple
frozenlist==1.8.0
    # via
    #   aiohttp
    #   aiosignal
    # from https://pypi.org/simple
fsspec==2026.6.0
    # via
    #   huggingface-hub
    #   torch
    # from https://pypi.org/simple
gitdb==4.0.12
    # via gitpython
    # from https://pypi.org/simple
gitpython==3.1.52
    # via kohakuterrarium
    # from https://pypi.org/simple
greenlet==3.5.3
    # via sqlalchemy
    # from https://pypi.org/simple
h11==0.16.0
    # via
    #   httpcore
    #   uvicorn
    # from https://pypi.org/simple
h2==4.3.0
    # via httpx
    # from https://pypi.org/simple
hf-xet==1.5.2
    # via huggingface-hub
    # from https://pypi.org/simple
hpack==4.2.0
    # via h2
    # from https://pypi.org/simple
html2text==2025.4.15
    # via kohakuterrarium
    # from https://pypi.org/simple
htmldate==1.10.0
    # via trafilatura
    # from https://pypi.org/simple
httpcore==1.0.9
    # via httpx
    # from https://pypi.org/simple
httptools==0.8.0
    # via uvicorn
    # from https://pypi.org/simple
httpx==0.28.1
    # via
    #   -r requirements.txt
    #   anthropic
    #   ddgs
    #   huggingface-hub
    #   kohakuterrarium
    #   mcp
    #   openai
    # from https://pypi.org/simple
httpx-sse==0.4.3
    # via mcp
    # from https://pypi.org/simple
huggingface-hub==1.24.0
    # via
    #   sentence-transformers
    #   tokenizers
    #   transformers
    # from https://pypi.org/simple
hyperframe==6.1.0
    # via h2
    # from https://pypi.org/simple
idna==3.18
    # via
    #   anyio
    #   httpx
    #   requests
    #   yarl
    # from https://pypi.org/simple
imagehash==4.3.2
    # via -r requirements.txt
    # from https://pypi.org/simple
imgkit==1.2.3
    # via -r requirements.txt
    # from https://pypi.org/simple
iniconfig==2.3.0
    # via pytest
    # from https://pypi.org/simple
jinja2==3.1.6
    # via
    #   kohakuterrarium
    #   model2vec
    #   torch
    # from https://pypi.org/simple
jiter==0.16.0
    # via
    #   anthropic
    #   openai
    # from https://pypi.org/simple
joblib==1.5.3
    # via
    #   model2vec
    #   scikit-learn
    # from https://pypi.org/simple
jsonschema==4.26.0
    # via mcp
    # from https://pypi.org/simple
jsonschema-specifications==2025.9.1
    # via jsonschema
    # from https://pypi.org/simple
justext==3.0.2
    # via trafilatura
    # from https://pypi.org/simple
kohakuvault==0.8.6
    # via kohakuterrarium
    # from https://pypi.org/simple
libcst==1.8.6
    # via kohakuterrarium
    # from https://pypi.org/simple
linkify-it-py==2.1.0
    # via markdown-it-py
    # from https://pypi.org/simple
lxml==6.1.1
    # via
    #   ddgs
    #   duckduckgo-search
    #   htmldate
    #   justext
    #   lxml-html-clean
    #   trafilatura
    # from https://pypi.org/simple
lxml-html-clean==0.4.5
    # via
    #   -r requirements.txt
    #   lxml
    # from https://pypi.org/simple
markdown-it-py==4.2.0
    # via
    #   mdit-py-plugins
    #   rich
    #   textual
    # from https://pypi.org/simple
markdown2==2.5.5
    # via -r requirements.txt
    # from https://pypi.org/simple
markupsafe==3.0.3
    # via jinja2
    # from https://pypi.org/simple
mcp==1.28.1
    # via kohakuterrarium
    # from https://pypi.org/simple
mdit-py-plugins==0.6.1
    # via textual
    # from https://pypi.org/simple
mdurl==0.1.2
    # via markdown-it-py
    # from https://pypi.org/simple
model2vec==0.8.2
    # via kohakuterrarium
    # from https://pypi.org/simple
mpmath==1.3.0
    # via sympy
    # from https://pypi.org/simple
multidict==6.7.1
    # via
    #   aiohttp
    #   yarl
    # from https://pypi.org/simple
narwhals==2.24.0
    # via scikit-learn
    # from https://pypi.org/simple
networkx==3.6.1
    # via torch
    # from https://pypi.org/simple
numpy==2.4.6
    # via
    #   imagehash
    #   kohakuvault
    #   model2vec
    #   pandas
    #   pywavelets
    #   scikit-learn
    #   scipy
    #   sentence-transformers
    #   transformers
    # from https://pypi.org/simple
openai==2.46.0
    # via kohakuterrarium
    # from https://pypi.org/simple
packaging==26.2
    # via
    #   huggingface-hub
    #   pytest
    #   transformers
    # from https://pypi.org/simple
pandas==3.0.3
    # via -r requirements.txt
    # from https://pypi.org/simple
pillow==12.3.0
    # via
    #   -r requirements.txt
    #   imagehash
    # from https://pypi.org/simple
platformdirs==4.10.1
    # via textual
    # from https://pypi.org/simple
pluggy==1.6.0
    # via pytest
    # from https://pypi.org/simple
primp==1.3.1
    # via
    #   ddgs
    #   duckduckgo-search
    # from https://pypi.org/simple
prompt-toolkit==3.0.52
    # via kohakuterrarium
    # from https://pypi.org/simple
propcache==0.5.2
    # via
    #   aiohttp
    #   yarl
    # from https://pypi.org/simple
proxy-tools==0.1.0
    # via pywebview
    # from https://pypi.org/simple
pycparser==3.0
    # via cffi
    # from https://pypi.org/simple
pydantic==2.13.4
    # via
    #   -r requirements.txt
    #   anthropic
    #   fastapi
    #   kohakuterrarium
    #   mcp
    #   openai
    #   pydantic-settings
    # from https://pypi.org/simple
pydantic-core==2.46.4
    # via pydantic
    # from https://pypi.org/simple
pydantic-settings==2.14.2
    # via mcp
    # from https://pypi.org/simple
pygments==2.20.0
    # via
    #   pytest
    #   rich
    #   textual
    # from https://pypi.org/simple
pyjwt==2.13.0
    # via mcp
    # from https://pypi.org/simple
pymupdf==1.28.0
    # via kohakuterrarium
    # from https://pypi.org/simple
pytest==9.1.1
    # via
    #   -r requirements-test.txt
    #   pytest-asyncio
    #   pytest-mock
    #   pytest-timeout
    #   pytest-xdist
    # from https://pypi.org/simple
pytest-asyncio==1.4.0
    # via -r requirements-test.txt
    # from https://pypi.org/simple
pytest-mock==3.15.1
    # via -r requirements-test.txt
    # from https://pypi.org/simple
pytest-timeout==2.4.0
    # via -r requirements-test.txt
    # from https://pypi.org/simple
pytest-xdist==3.8.0
    # via -r requirements-test.txt
    # from https://pypi.org/simple
python-dateutil==2.9.0.post0
    # via
    #   dateparser
    #   htmldate
    #   pandas
    # from https://pypi.org/simple
python-dotenv==1.2.2
    # via
    #   kohakuterrarium
    #   pydantic-settings
    #   uvicorn
    # from https://pypi.org/simple
python-multipart==0.0.32
    # via mcp
    # from https://pypi.org/simple
pytz==2026.2
    # via dateparser
    # from https://pypi.org/simple
pywavelets==1.9.0
    # via imagehash
    # from https://pypi.org/simple
pywebview==6.1
    # via kohakuterrarium
    # from https://pypi.org/simple
pyyaml==6.0.3
    # via
    #   huggingface-hub
    #   kohakuterrarium
    #   libcst
    #   transformers
    #   uvicorn
    # from https://pypi.org/simple
referencing==0.37.0
    # via
    #   jsonschema
    #   jsonschema-specifications
    # from https://pypi.org/simple
regex==2026.7.19
    # via
    #   dateparser
    #   transformers
    # from https://pypi.org/simple
requests==2.34.2
    # via
    #   -r requirements.txt
    #   docker
    # from https://pypi.org/simple
rich==15.0.0
    # via
    #   kohakuterrarium
    #   textual
    #   typer
    # from https://pypi.org/simple
rpds-py==2026.6.3
    # via
    #   jsonschema
    #   referencing
    # from https://pypi.org/simple
ruamel-yaml==0.19.1
    # via kohakuterrarium
    # from https://pypi.org/simple
safetensors==0.8.0
    # via
    #   model2vec
    #   transformers
    # from https://pypi.org/simple
scikit-learn==1.9.0
    # via sentence-transformers
    # from https://pypi.org/simple
scipy==1.17.1
    # via
    #   imagehash
    #   scikit-learn
    #   sentence-transformers
    # from https://pypi.org/simple
sentence-transformers==5.6.0
    # via -r requirements.txt
    # from https://pypi.org/simple
sentencepiece==0.2.2
    # via -r requirements.txt
    # from https://pypi.org/simple
setuptools==83.0.0
    # via torch
    # from https://pypi.org/simple
sgmllib3k==1.0.0
    # via feedparser
    # from https://pypi.org/simple
shellingham==1.5.4
    # via typer
    # from https://pypi.org/simple
six==1.17.0
    # via
    #   imgkit
    #   python-dateutil
    # from https://pypi.org/simple
smmap==5.0.3
    # via gitdb
    # from https://pypi.org/simple
sniffio==1.3.1
    # via
    #   anthropic
    #   openai
    # from https://pypi.org/simple
socksio==1.0.0
    # via httpx
    # from https://pypi.org/simple
soupsieve==2.9
    # via beautifulsoup4
    # from https://pypi.org/simple
sqlalchemy==2.0.51
    # via -r requirements.txt
    # from https://pypi.org/simple
sse-starlette==3.4.5
    # via mcp
    # from https://pypi.org/simple
starlette==1.3.1
    # via
    #   fastapi
    #   mcp
    #   sse-starlette
    # from https://pypi.org/simple
sympy==1.14.0
    # via torch
    # from https://pypi.org/simple
tabulate==0.10.0
    # via -r requirements.txt
    # from https://pypi.org/simple
textual==8.2.8
    # via kohakuterrarium
    # from https://pypi.org/simple
threadpoolctl==3.6.0
    # via scikit-learn
    # from https://pypi.org/simple
tld==0.13.2
    # via courlan
    # from https://pypi.org/simple
tokenizers==0.22.2
    # via
    #   model2vec
    #   transformers
    # from https://pypi.org/simple
torch==2.13.0+cpu
    # via
    #   -r requirements.txt
    #   sentence-transformers
    # from https://download.pytorch.org/whl/cpu
tqdm==4.69.0
    # via
    #   huggingface-hub
    #   model2vec
    #   openai
    #   sentence-transformers
    #   transformers
    # from https://pypi.org/simple
trafilatura==2.1.0
    # via
    #   -r requirements.txt
    #   kohakuterrarium
    # from https://pypi.org/simple
transformers==5.14.1
    # via
    #   -r requirements.txt
    #   sentence-transformers
    # from https://pypi.org/simple
typer==0.27.0
    # via transformers
    # from https://pypi.org/simple
typing-extensions==4.16.0
    # via
    #   aiohttp
    #   aiosignal
    #   anthropic
    #   anyio
    #   beautifulsoup4
    #   fastapi
    #   huggingface-hub
    #   mcp
    #   openai
    #   pydantic
    #   pydantic-core
    #   pytest-asyncio
    #   pywebview
    #   referencing
    #   sentence-transformers
    #   sqlalchemy
    #   starlette
    #   textual
    #   torch
    #   typing-inspection
    # from https://pypi.org/simple
typing-inspection==0.4.2
    # via
    #   fastapi
    #   mcp
    #   pydantic
    #   pydantic-settings
    # from https://pypi.org/simple
tzlocal==5.4.4
    # via dateparser
    # from https://pypi.org/simple
uc-micro-py==2.0.0
    # via linkify-it-py
    # from https://pypi.org/simple
urllib3==2.7.0
    # via
    #   courlan
    #   docker
    #   htmldate
    #   requests
    #   trafilatura
    # from https://pypi.org/simple
uvicorn==0.51.0
    # via
    #   -r requirements.txt
    #   kohakuterrarium
    #   mcp
    # from https://pypi.org/simple
uvloop==0.22.1
    # via uvicorn
    # from https://pypi.org/simple
watchfiles==1.2.0
    # via uvicorn
    # from https://pypi.org/simple
wcwidth==0.8.2
    # via prompt-toolkit
    # from https://pypi.org/simple
websockets==16.1.1
    # via uvicorn
    # from https://pypi.org/simple
yarl==1.24.5
    # via aiohttp
    # from https://pypi.org/simple

# The following packages were excluded from the output:
# kohakuterrarium
